Microsoft Visual Studio Solution File, Format Version 12.00
# Visual Studio Version 17
VisualStudioVersion = 17.5.2.0
MinimumVisualStudioVersion = 10.0.40219.1
Project("{FAE04EC0-301F-11D3-BF4B-00C04F79EFBC}") = "HL7Integration2test1", "HL7Integration2test1.csproj", "{70B34F61-B70A-B387-73AA-03DA5AB23A07}"
EndProject
Global
	GlobalSection(SolutionConfigurationPlatforms) = preSolution
		Debug|Any CPU = Debug|Any CPU
		Release|Any CPU = Release|Any CPU
	EndGlobalSection
	GlobalSection(ProjectConfigurationPlatforms) = postSolution
		{70B34F61-B70A-B387-73AA-03DA5AB23A07}.Debug|Any CPU.ActiveCfg = Debug|Any CPU
		{70B34F61-B70A-B387-73AA-03DA5AB23A07}.Debug|Any CPU.Build.0 = Debug|Any CPU
		{70B34F61-B70A-B387-73AA-03DA5AB23A07}.Release|Any CPU.ActiveCfg = Release|Any CPU
		{70B34F61-B70A-B387-73AA-03DA5AB23A07}.Release|Any CPU.Build.0 = Release|Any CPU
	EndGlobalSection
	GlobalSection(SolutionProperties) = preSolution
		HideSolutionNode = FALSE
	EndGlobalSection
	GlobalSection(ExtensibilityGlobals) = postSolution
		SolutionGuid = {757C9ACD-A1B7-4301-9984-4E689467219A}
	EndGlobalSection
EndGlobal
