Microsoft Visual Studio Solution File, Format Version 12.00
# Visual Studio Version 17
VisualStudioVersion = 17.5.2.0
MinimumVisualStudioVersion = 10.0.40219.1
Project("{FAE04EC0-301F-11D3-BF4B-00C04F79EFBC}") = "HL7Integration2test3", "HL7Integration2test3.csproj", "{ED849A12-04B1-CB00-D41C-322BDED9D126}"
EndProject
Global
	GlobalSection(SolutionConfigurationPlatforms) = preSolution
		Debug|Any CPU = Debug|Any CPU
		Release|Any CPU = Release|Any CPU
	EndGlobalSection
	GlobalSection(ProjectConfigurationPlatforms) = postSolution
		{ED849A12-04B1-CB00-D41C-322BDED9D126}.Debug|Any CPU.ActiveCfg = Debug|Any CPU
		{ED849A12-04B1-CB00-D41C-322BDED9D126}.Debug|Any CPU.Build.0 = Debug|Any CPU
		{ED849A12-04B1-CB00-D41C-322BDED9D126}.Release|Any CPU.ActiveCfg = Release|Any CPU
		{ED849A12-04B1-CB00-D41C-322BDED9D126}.Release|Any CPU.Build.0 = Release|Any CPU
	EndGlobalSection
	GlobalSection(SolutionProperties) = preSolution
		HideSolutionNode = FALSE
	EndGlobalSection
	GlobalSection(ExtensibilityGlobals) = postSolution
		SolutionGuid = {256B2D95-F090-4625-93C9-B32F44428F78}
	EndGlobalSection
EndGlobal
