
Microsoft Visual Studio Solution File, Format Version 12.00
# Visual Studio Version 16
VisualStudioVersion = 16.0.35425.106
MinimumVisualStudioVersion = 10.0.40219.1
Project("{FAE04EC0-301F-11D3-BF4B-00C04F79EFBC}") = "TcpServer", "TcpServer\TcpServer.csproj", "{CED4E3B5-6664-4C2F-904B-32FB945280C0}"
EndProject
Global
	GlobalSection(SolutionConfigurationPlatforms) = preSolution
		Debug|Any CPU = Debug|Any CPU
		Release|Any CPU = Release|Any CPU
	EndGlobalSection
	GlobalSection(ProjectConfigurationPlatforms) = postSolution
		{CED4E3B5-6664-4C2F-904B-32FB945280C0}.Debug|Any CPU.ActiveCfg = Debug|Any CPU
		{CED4E3B5-6664-4C2F-904B-32FB945280C0}.Debug|Any CPU.Build.0 = Debug|Any CPU
		{CED4E3B5-6664-4C2F-904B-32FB945280C0}.Release|Any CPU.ActiveCfg = Release|Any CPU
		{CED4E3B5-6664-4C2F-904B-32FB945280C0}.Release|Any CPU.Build.0 = Release|Any CPU
	EndGlobalSection
	GlobalSection(SolutionProperties) = preSolution
		HideSolutionNode = FALSE
	EndGlobalSection
	GlobalSection(ExtensibilityGlobals) = postSolution
		SolutionGuid = {D1D1E25A-7D2C-48C4-80BA-4564CCB0875E}
	EndGlobalSection
EndGlobal
