Microsoft Visual Studio Solution File, Format Version 12.00
# Visual Studio Version 17
VisualStudioVersion = 17.5.2.0
MinimumVisualStudioVersion = 10.0.40219.1
Project("{FAE04EC0-301F-11D3-BF4B-00C04F79EFBC}") = "HL7Integration2test2", "HL7Integration2test2.csproj", "{492DFD48-ED5F-51BC-049B-57A8457B11D7}"
EndProject
Global
	GlobalSection(SolutionConfigurationPlatforms) = preSolution
		Debug|Any CPU = Debug|Any CPU
		Release|Any CPU = Release|Any CPU
	EndGlobalSection
	GlobalSection(ProjectConfigurationPlatforms) = postSolution
		{492DFD48-ED5F-51BC-049B-57A8457B11D7}.Debug|Any CPU.ActiveCfg = Debug|Any CPU
		{492DFD48-ED5F-51BC-049B-57A8457B11D7}.Debug|Any CPU.Build.0 = Debug|Any CPU
		{492DFD48-ED5F-51BC-049B-57A8457B11D7}.Release|Any CPU.ActiveCfg = Release|Any CPU
		{492DFD48-ED5F-51BC-049B-57A8457B11D7}.Release|Any CPU.Build.0 = Release|Any CPU
	EndGlobalSection
	GlobalSection(SolutionProperties) = preSolution
		HideSolutionNode = FALSE
	EndGlobalSection
	GlobalSection(ExtensibilityGlobals) = postSolution
		SolutionGuid = {0D98FC0E-21A1-43AD-860A-A9C1119F3CD8}
	EndGlobalSection
EndGlobal
